// !$*UTF8*$!
{
	archiveVersion = 1;
	classes = {
	};
	objectVersion = 46;
	objects = {

/* Begin PBXBuildFile section */
		ABFAA7A419B5559300AE7984 /* Foundation.framework in Frameworks */ = {isa = PBXBuildFile; fileRef = ABFAA7A319B5559300AE7984 /* Foundation.framework */; };
		ABFAA7A619B5559300AE7984 /* CoreGraphics.framework in Frameworks */ = {isa = PBXBuildFile; fileRef = ABFAA7A519B5559300AE7984 /* CoreGraphics.framework */; };
		ABFAA7A819B5559300AE7984 /* UIKit.framework in Frameworks */ = {isa = PBXBuildFile; fileRef = ABFAA7A719B5559300AE7984 /* UIKit.framework */; };
		ABFAA7AE19B5559300AE7984 /* InfoPlist.strings in Resources */ = {isa = PBXBuildFile; fileRef = ABFAA7AC19B5559300AE7984 /* InfoPlist.strings */; };
		ABFAA7B019B5559300AE7984 /* main.m in Sources */ = {isa = PBXBuildFile; fileRef = ABFAA7AF19B5559300AE7984 /* main.m */; };
		ABFAA7B419B5559300AE7984 /* AppDelegate.m in Sources */ = {isa = PBXBuildFile; fileRef = ABFAA7B319B5559300AE7984 /* AppDelegate.m */; };
		ABFAA7B719B5559400AE7984 /* Main_iPhone.storyboard in Resources */ = {isa = PBXBuildFile; fileRef = ABFAA7B519B5559400AE7984 /* Main_iPhone.storyboard */; };
		ABFAA7BD19B5559400AE7984 /* ViewController.m in Sources */ = {isa = PBXBuildFile; fileRef = ABFAA7BC19B5559400AE7984 /* ViewController.m */; };
		ABFAA7BF19B5559400AE7984 /* Images.xcassets in Resources */ = {isa = PBXBuildFile; fileRef = ABFAA7BE19B5559400AE7984 /* Images.xcassets */; };
		ABFAA7C619B5559400AE7984 /* XCTest.framework in Frameworks */ = {isa = PBXBuildFile; fileRef = ABFAA7C519B5559400AE7984 /* XCTest.framework */; };
		ABFAA7C719B5559400AE7984 /* Foundation.framework in Frameworks */ = {isa = PBXBuildFile; fileRef = ABFAA7A319B5559300AE7984 /* Foundation.framework */; };
		ABFAA7C819B5559400AE7984 /* UIKit.framework in Frameworks */ = {isa = PBXBuildFile; fileRef = ABFAA7A719B5559300AE7984 /* UIKit.framework */; };
		ABFAA7D019B5559400AE7984 /* InfoPlist.strings in Resources */ = {isa = PBXBuildFile; fileRef = ABFAA7CE19B5559400AE7984 /* InfoPlist.strings */; };
		ABFAA7D219B5559400AE7984 /* TWHashTagTests.m in Sources */ = {isa = PBXBuildFile; fileRef = ABFAA7D119B5559400AE7984 /* TWHashTagTests.m */; };
		ABFAA7DC19B5567000AE7984 /* Social.framework in Frameworks */ = {isa = PBXBuildFile; fileRef = ABFAA7DB19B5567000AE7984 /* Social.framework */; };
		ABFAA7FB19B5602600AE7984 /* NSDateFormatter+STTwitter.m in Sources */ = {isa = PBXBuildFile; fileRef = ABFAA7DF19B5602600AE7984 /* NSDateFormatter+STTwitter.m */; };
		ABFAA7FC19B5602600AE7984 /* NSError+STTwitter.m in Sources */ = {isa = PBXBuildFile; fileRef = ABFAA7E119B5602600AE7984 /* NSError+STTwitter.m */; };
		ABFAA7FD19B5602600AE7984 /* NSString+STTwitter.m in Sources */ = {isa = PBXBuildFile; fileRef = ABFAA7E319B5602600AE7984 /* NSString+STTwitter.m */; };
		ABFAA7FE19B5602600AE7984 /* STHTTPRequest+STTwitter.m in Sources */ = {isa = PBXBuildFile; fileRef = ABFAA7E519B5602600AE7984 /* STHTTPRequest+STTwitter.m */; };
		ABFAA7FF19B5602600AE7984 /* STTwitterAPI.m in Sources */ = {isa = PBXBuildFile; fileRef = ABFAA7E819B5602600AE7984 /* STTwitterAPI.m */; };
		ABFAA80019B5602600AE7984 /* STTwitterAppOnly.m in Sources */ = {isa = PBXBuildFile; fileRef = ABFAA7EA19B5602600AE7984 /* STTwitterAppOnly.m */; };
		ABFAA80119B5602600AE7984 /* STTwitterHTML.m in Sources */ = {isa = PBXBuildFile; fileRef = ABFAA7EC19B5602600AE7984 /* STTwitterHTML.m */; };
		ABFAA80219B5602600AE7984 /* STTwitterOAuth.m in Sources */ = {isa = PBXBuildFile; fileRef = ABFAA7EE19B5602600AE7984 /* STTwitterOAuth.m */; };
		ABFAA80319B5602600AE7984 /* STTwitterOS.m in Sources */ = {isa = PBXBuildFile; fileRef = ABFAA7F019B5602600AE7984 /* STTwitterOS.m */; };
		ABFAA80419B5602600AE7984 /* STTwitterOSRequest.m in Sources */ = {isa = PBXBuildFile; fileRef = ABFAA7F219B5602600AE7984 /* STTwitterOSRequest.m */; };
		ABFAA80519B5602600AE7984 /* BAVPlistNode.m in Sources */ = {isa = PBXBuildFile; fileRef = ABFAA7F619B5602600AE7984 /* BAVPlistNode.m */; };
		ABFAA80619B5602600AE7984 /* JSONSyntaxHighlight.m in Sources */ = {isa = PBXBuildFile; fileRef = ABFAA7F819B5602600AE7984 /* JSONSyntaxHighlight.m */; };
		ABFAA80719B5602600AE7984 /* STHTTPRequest.m in Sources */ = {isa = PBXBuildFile; fileRef = ABFAA7FA19B5602600AE7984 /* STHTTPRequest.m */; };
		ABFAA80919B560A900AE7984 /* Accounts.framework in Frameworks */ = {isa = PBXBuildFile; fileRef = ABFAA80819B560A900AE7984 /* Accounts.framework */; };
		ABFAA80B19B560B100AE7984 /* Twitter.framework in Frameworks */ = {isa = PBXBuildFile; fileRef = ABFAA80A19B560B100AE7984 /* Twitter.framework */; };
/* End PBXBuildFile section */

/* Begin PBXContainerItemProxy section */
		ABFAA7C919B5559400AE7984 /* PBXContainerItemProxy */ = {
			isa = PBXContainerItemProxy;
			containerPortal = ABFAA79819B5559300AE7984 /* Project object */;
			proxyType = 1;
			remoteGlobalIDString = ABFAA79F19B5559300AE7984;
			remoteInfo = TWHashTag;
		};
/* End PBXContainerItemProxy section */

/* Begin PBXFileReference section */
		ABFAA7A019B5559300AE7984 /* TWHashTag.app */ = {isa = PBXFileReference; explicitFileType = wrapper.application; includeInIndex = 0; path = TWHashTag.app; sourceTree = BUILT_PRODUCTS_DIR; };
		ABFAA7A319B5559300AE7984 /* Foundation.framework */ = {isa = PBXFileReference; lastKnownFileType = wrapper.framework; name = Foundation.framework; path = System/Library/Frameworks/Foundation.framework; sourceTree = SDKROOT; };
		ABFAA7A519B5559300AE7984 /* CoreGraphics.framework */ = {isa = PBXFileReference; lastKnownFileType = wrapper.framework; name = CoreGraphics.framework; path = System/Library/Frameworks/CoreGraphics.framework; sourceTree = SDKROOT; };
		ABFAA7A719B5559300AE7984 /* UIKit.framework */ = {isa = PBXFileReference; lastKnownFileType = wrapper.framework; name = UIKit.framework; path = System/Library/Frameworks/UIKit.framework; sourceTree = SDKROOT; };
		ABFAA7AB19B5559300AE7984 /* TWHashTag-Info.plist */ = {isa = PBXFileReference; lastKnownFileType = text.plist.xml; path = "TWHashTag-Info.plist"; sourceTree = "<group>"; };
		ABFAA7AD19B5559300AE7984 /* en */ = {isa = PBXFileReference; lastKnownFileType = text.plist.strings; name = en; path = en.lproj/InfoPlist.strings; sourceTree = "<group>"; };
		ABFAA7AF19B5559300AE7984 /* main.m */ = {isa = PBXFileReference; lastKnownFileType = sourcecode.c.objc; path = main.m; sourceTree = "<group>"; };
		ABFAA7B119B5559300AE7984 /* TWHashTag-Prefix.pch */ = {isa = PBXFileReference; lastKnownFileType = sourcecode.c.h; path = "TWHashTag-Prefix.pch"; sourceTree = "<group>"; };
		ABFAA7B219B5559300AE7984 /* AppDelegate.h */ = {isa = PBXFileReference; lastKnownFileType = sourcecode.c.h; path = AppDelegate.h; sourceTree = "<group>"; };
		ABFAA7B319B5559300AE7984 /* AppDelegate.m */ = {isa = PBXFileReference; lastKnownFileType = sourcecode.c.objc; path = AppDelegate.m; sourceTree = "<group>"; };
		ABFAA7B619B5559400AE7984 /* Base */ = {isa = PBXFileReference; lastKnownFileType = file.storyboard; name = Base; path = Base.lproj/Main_iPhone.storyboard; sourceTree = "<group>"; };
		ABFAA7BB19B5559400AE7984 /* ViewController.h */ = {isa = PBXFileReference; lastKnownFileType = sourcecode.c.h; path = ViewController.h; sourceTree = "<group>"; };
		ABFAA7BC19B5559400AE7984 /* ViewController.m */ = {isa = PBXFileReference; lastKnownFileType = sourcecode.c.objc; path = ViewController.m; sourceTree = "<group>"; };
		ABFAA7BE19B5559400AE7984 /* Images.xcassets */ = {isa = PBXFileReference; lastKnownFileType = folder.assetcatalog; path = Images.xcassets; sourceTree = "<group>"; };
		ABFAA7C419B5559400AE7984 /* TWHashTagTests.xctest */ = {isa = PBXFileReference; explicitFileType = wrapper.cfbundle; includeInIndex = 0; path = TWHashTagTests.xctest; sourceTree = BUILT_PRODUCTS_DIR; };
		ABFAA7C519B5559400AE7984 /* XCTest.framework */ = {isa = PBXFileReference; lastKnownFileType = wrapper.framework; name = XCTest.framework; path = Library/Frameworks/XCTest.framework; sourceTree = DEVELOPER_DIR; };
		ABFAA7CD19B5559400AE7984 /* TWHashTagTests-Info.plist */ = {isa = PBXFileReference; lastKnownFileType = text.plist.xml; path = "TWHashTagTests-Info.plist"; sourceTree = "<group>"; };
		ABFAA7CF19B5559400AE7984 /* en */ = {isa = PBXFileReference; lastKnownFileType = text.plist.strings; name = en; path = en.lproj/InfoPlist.strings; sourceTree = "<group>"; };
		ABFAA7D119B5559400AE7984 /* TWHashTagTests.m */ = {isa = PBXFileReference; lastKnownFileType = sourcecode.c.objc; path = TWHashTagTests.m; sourceTree = "<group>"; };
		ABFAA7DB19B5567000AE7984 /* Social.framework */ = {isa = PBXFileReference; lastKnownFileType = wrapper.framework; name = Social.framework; path = System/Library/Frameworks/Social.framework; sourceTree = SDKROOT; };
		ABFAA7DE19B5602600AE7984 /* NSDateFormatter+STTwitter.h */ = {isa = PBXFileReference; fileEncoding = 4; lastKnownFileType = sourcecode.c.h; path = "NSDateFormatter+STTwitter.h"; sourceTree = "<group>"; };
		ABFAA7DF19B5602600AE7984 /* NSDateFormatter+STTwitter.m */ = {isa = PBXFileReference; fileEncoding = 4; lastKnownFileType = sourcecode.c.objc; path = "NSDateFormatter+STTwitter.m"; sourceTree = "<group>"; };
		ABFAA7E019B5602600AE7984 /* NSError+STTwitter.h */ = {isa = PBXFileReference; fileEncoding = 4; lastKnownFileType = sourcecode.c.h; path = "NSError+STTwitter.h"; sourceTree = "<group>"; };
		ABFAA7E119B5602600AE7984 /* NSError+STTwitter.m */ = {isa = PBXFileReference; fileEncoding = 4; lastKnownFileType = sourcecode.c.objc; path = "NSError+STTwitter.m"; sourceTree = "<group>"; };
		ABFAA7E219B5602600AE7984 /* NSString+STTwitter.h */ = {isa = PBXFileReference; fileEncoding = 4; lastKnownFileType = sourcecode.c.h; path = "NSString+STTwitter.h"; sourceTree = "<group>"; };
		ABFAA7E319B5602600AE7984 /* NSString+STTwitter.m */ = {isa = PBXFileReference; fileEncoding = 4; lastKnownFileType = sourcecode.c.objc; path = "NSString+STTwitter.m"; sourceTree = "<group>"; };
		ABFAA7E419B5602600AE7984 /* STHTTPRequest+STTwitter.h */ = {isa = PBXFileReference; fileEncoding = 4; lastKnownFileType = sourcecode.c.h; path = "STHTTPRequest+STTwitter.h"; sourceTree = "<group>"; };
		ABFAA7E519B5602600AE7984 /* STHTTPRequest+STTwitter.m */ = {isa = PBXFileReference; fileEncoding = 4; lastKnownFileType = sourcecode.c.objc; path = "STHTTPRequest+STTwitter.m"; sourceTree = "<group>"; };
		ABFAA7E619B5602600AE7984 /* STTwitter.h */ = {isa = PBXFileReference; fileEncoding = 4; lastKnownFileType = sourcecode.c.h; path = STTwitter.h; sourceTree = "<group>"; };
		ABFAA7E719B5602600AE7984 /* STTwitterAPI.h */ = {isa = PBXFileReference; fileEncoding = 4; lastKnownFileType = sourcecode.c.h; path = STTwitterAPI.h; sourceTree = "<group>"; };
		ABFAA7E819B5602600AE7984 /* STTwitterAPI.m */ = {isa = PBXFileReference; fileEncoding = 4; lastKnownFileType = sourcecode.c.objc; path = STTwitterAPI.m; sourceTree = "<group>"; };
		ABFAA7E919B5602600AE7984 /* STTwitterAppOnly.h */ = {isa = PBXFileReference; fileEncoding = 4; lastKnownFileType = sourcecode.c.h; path = STTwitterAppOnly.h; sourceTree = "<group>"; };
		ABFAA7EA19B5602600AE7984 /* STTwitterAppOnly.m */ = {isa = PBXFileReference; fileEncoding = 4; lastKnownFileType = sourcecode.c.objc; path = STTwitterAppOnly.m; sourceTree = "<group>"; };
		ABFAA7EB19B5602600AE7984 /* STTwitterHTML.h */ = {isa = PBXFileReference; fileEncoding = 4; lastKnownFileType = sourcecode.c.h; path = STTwitterHTML.h; sourceTree = "<group>"; };
		ABFAA7EC19B5602600AE7984 /* STTwitterHTML.m */ = {isa = PBXFileReference; fileEncoding = 4; lastKnownFileType = sourcecode.c.objc; path = STTwitterHTML.m; sourceTree = "<group>"; };
		ABFAA7ED19B5602600AE7984 /* STTwitterOAuth.h */ = {isa = PBXFileReference; fileEncoding = 4; lastKnownFileType = sourcecode.c.h; path = STTwitterOAuth.h; sourceTree = "<group>"; };
		ABFAA7EE19B5602600AE7984 /* STTwitterOAuth.m */ = {isa = PBXFileReference; fileEncoding = 4; lastKnownFileType = sourcecode.c.objc; path = STTwitterOAuth.m; sourceTree = "<group>"; };
		ABFAA7EF19B5602600AE7984 /* STTwitterOS.h */ = {isa = PBXFileReference; fileEncoding = 4; lastKnownFileType = sourcecode.c.h; path = STTwitterOS.h; sourceTree = "<group>"; };
		ABFAA7F019B5602600AE7984 /* STTwitterOS.m */ = {isa = PBXFileReference; fileEncoding = 4; lastKnownFileType = sourcecode.c.objc; path = STTwitterOS.m; sourceTree = "<group>"; };
		ABFAA7F119B5602600AE7984 /* STTwitterOSRequest.h */ = {isa = PBXFileReference; fileEncoding = 4; lastKnownFileType = sourcecode.c.h; path = STTwitterOSRequest.h; sourceTree = "<group>"; };
		ABFAA7F219B5602600AE7984 /* STTwitterOSRequest.m */ = {isa = PBXFileReference; fileEncoding = 4; lastKnownFileType = sourcecode.c.objc; path = STTwitterOSRequest.m; sourceTree = "<group>"; };
		ABFAA7F319B5602600AE7984 /* STTwitterProtocol.h */ = {isa = PBXFileReference; fileEncoding = 4; lastKnownFileType = sourcecode.c.h; path = STTwitterProtocol.h; sourceTree = "<group>"; };
		ABFAA7F519B5602600AE7984 /* BAVPlistNode.h */ = {isa = PBXFileReference; fileEncoding = 4; lastKnownFileType = sourcecode.c.h; path = BAVPlistNode.h; sourceTree = "<group>"; };
		ABFAA7F619B5602600AE7984 /* BAVPlistNode.m */ = {isa = PBXFileReference; fileEncoding = 4; lastKnownFileType = sourcecode.c.objc; path = BAVPlistNode.m; sourceTree = "<group>"; };
		ABFAA7F719B5602600AE7984 /* JSONSyntaxHighlight.h */ = {isa = PBXFileReference; fileEncoding = 4; lastKnownFileType = sourcecode.c.h; path = JSONSyntaxHighlight.h; sourceTree = "<group>"; };
		ABFAA7F819B5602600AE7984 /* JSONSyntaxHighlight.m */ = {isa = PBXFileReference; fileEncoding = 4; lastKnownFileType = sourcecode.c.objc; path = JSONSyntaxHighlight.m; sourceTree = "<group>"; };
		ABFAA7F919B5602600AE7984 /* STHTTPRequest.h */ = {isa = PBXFileReference; fileEncoding = 4; lastKnownFileType = sourcecode.c.h; path = STHTTPRequest.h; sourceTree = "<group>"; };
		ABFAA7FA19B5602600AE7984 /* STHTTPRequest.m */ = {isa = PBXFileReference; fileEncoding = 4; lastKnownFileType = sourcecode.c.objc; path = STHTTPRequest.m; sourceTree = "<group>"; };
		ABFAA80819B560A900AE7984 /* Accounts.framework */ = {isa = PBXFileReference; lastKnownFileType = wrapper.framework; name = Accounts.framework; path = System/Library/Frameworks/Accounts.framework; sourceTree = SDKROOT; };
		ABFAA80A19B560B100AE7984 /* Twitter.framework */ = {isa = PBXFileReference; lastKnownFileType = wrapper.framework; name = Twitter.framework; path = System/Library/Frameworks/Twitter.framework; sourceTree = SDKROOT; };
/* End PBXFileReference section */

/* Begin PBXFrameworksBuildPhase section */
		ABFAA79D19B5559300AE7984 /* Frameworks */ = {
			isa = PBXFrameworksBuildPhase;
			buildActionMask = 2147483647;
			files = (
				ABFAA80B19B560B100AE7984 /* Twitter.framework in Frameworks */,
				ABFAA80919B560A900AE7984 /* Accounts.framework in Frameworks */,
				ABFAA7DC19B5567000AE7984 /* Social.framework in Frameworks */,
				ABFAA7A619B5559300AE7984 /* CoreGraphics.framework in Frameworks */,
				ABFAA7A819B5559300AE7984 /* UIKit.framework in Frameworks */,
				ABFAA7A419B5559300AE7984 /* Foundation.framework in Frameworks */,
			);
			runOnlyForDeploymentPostprocessing = 0;
		};
		ABFAA7C119B5559400AE7984 /* Frameworks */ = {
			isa = PBXFrameworksBuildPhase;
			buildActionMask = 2147483647;
			files = (
				ABFAA7C619B5559400AE7984 /* XCTest.framework in Frameworks */,
				ABFAA7C819B5559400AE7984 /* UIKit.framework in Frameworks */,
				ABFAA7C719B5559400AE7984 /* Foundation.framework in Frameworks */,
			);
			runOnlyForDeploymentPostprocessing = 0;
		};
/* End PBXFrameworksBuildPhase section */

/* Begin PBXGroup section */
		ABFAA79719B5559300AE7984 = {
			isa = PBXGroup;
			children = (
				ABFAA7A919B5559300AE7984 /* TWHashTag */,
				ABFAA7CB19B5559400AE7984 /* TWHashTagTests */,
				ABFAA7A219B5559300AE7984 /* Frameworks */,
				ABFAA7A119B5559300AE7984 /* Products */,
			);
			sourceTree = "<group>";
		};
		ABFAA7A119B5559300AE7984 /* Products */ = {
			isa = PBXGroup;
			children = (
				ABFAA7A019B5559300AE7984 /* TWHashTag.app */,
				ABFAA7C419B5559400AE7984 /* TWHashTagTests.xctest */,
			);
			name = Products;
			sourceTree = "<group>";
		};
		ABFAA7A219B5559300AE7984 /* Frameworks */ = {
			isa = PBXGroup;
			children = (
				ABFAA80A19B560B100AE7984 /* Twitter.framework */,
				ABFAA80819B560A900AE7984 /* Accounts.framework */,
				ABFAA7DB19B5567000AE7984 /* Social.framework */,
				ABFAA7A319B5559300AE7984 /* Foundation.framework */,
				ABFAA7A519B5559300AE7984 /* CoreGraphics.framework */,
				ABFAA7A719B5559300AE7984 /* UIKit.framework */,
				ABFAA7C519B5559400AE7984 /* XCTest.framework */,
			);
			name = Frameworks;
			sourceTree = "<group>";
		};
		ABFAA7A919B5559300AE7984 /* TWHashTag */ = {
			isa = PBXGroup;
			children = (
				ABFAA7DD19B5602600AE7984 /* STTwitter */,
				ABFAA7B219B5559300AE7984 /* AppDelegate.h */,
				ABFAA7B319B5559300AE7984 /* AppDelegate.m */,
				ABFAA7B519B5559400AE7984 /* Main_iPhone.storyboard */,
				ABFAA7BB19B5559400AE7984 /* ViewController.h */,
				ABFAA7BC19B5559400AE7984 /* ViewController.m */,
				ABFAA7BE19B5559400AE7984 /* Images.xcassets */,
				ABFAA7AA19B5559300AE7984 /* Supporting Files */,
			);
			path = TWHashTag;
			sourceTree = "<group>";
		};
		ABFAA7AA19B5559300AE7984 /* Supporting Files */ = {
			isa = PBXGroup;
			children = (
				ABFAA7AB19B5559300AE7984 /* TWHashTag-Info.plist */,
				ABFAA7AC19B5559300AE7984 /* InfoPlist.strings */,
				ABFAA7AF19B5559300AE7984 /* main.m */,
				ABFAA7B119B5559300AE7984 /* TWHashTag-Prefix.pch */,
			);
			name = "Supporting Files";
			sourceTree = "<group>";
		};
		ABFAA7CB19B5559400AE7984 /* TWHashTagTests */ = {
			isa = PBXGroup;
			children = (
				ABFAA7D119B5559400AE7984 /* TWHashTagTests.m */,
				ABFAA7CC19B5559400AE7984 /* Supporting Files */,
			);
			path = TWHashTagTests;
			sourceTree = "<group>";
		};
		ABFAA7CC19B5559400AE7984 /* Supporting Files */ = {
			isa = PBXGroup;
			children = (
				ABFAA7CD19B5559400AE7984 /* TWHashTagTests-Info.plist */,
				ABFAA7CE19B5559400AE7984 /* InfoPlist.strings */,
			);
			name = "Supporting Files";
			sourceTree = "<group>";
		};
		ABFAA7DD19B5602600AE7984 /* STTwitter */ = {
			isa = PBXGroup;
			children = (
				ABFAA7DE19B5602600AE7984 /* NSDateFormatter+STTwitter.h */,
				ABFAA7DF19B5602600AE7984 /* NSDateFormatter+STTwitter.m */,
				ABFAA7E019B5602600AE7984 /* NSError+STTwitter.h */,
				ABFAA7E119B5602600AE7984 /* NSError+STTwitter.m */,
				ABFAA7E219B5602600AE7984 /* NSString+STTwitter.h */,
				ABFAA7E319B5602600AE7984 /* NSString+STTwitter.m */,
				ABFAA7E419B5602600AE7984 /* STHTTPRequest+STTwitter.h */,
				ABFAA7E519B5602600AE7984 /* STHTTPRequest+STTwitter.m */,
				ABFAA7E619B5602600AE7984 /* STTwitter.h */,
				ABFAA7E719B5602600AE7984 /* STTwitterAPI.h */,
				ABFAA7E819B5602600AE7984 /* STTwitterAPI.m */,
				ABFAA7E919B5602600AE7984 /* STTwitterAppOnly.h */,
				ABFAA7EA19B5602600AE7984 /* STTwitterAppOnly.m */,
				ABFAA7EB19B5602600AE7984 /* STTwitterHTML.h */,
				ABFAA7EC19B5602600AE7984 /* STTwitterHTML.m */,
				ABFAA7ED19B5602600AE7984 /* STTwitterOAuth.h */,
				ABFAA7EE19B5602600AE7984 /* STTwitterOAuth.m */,
				ABFAA7EF19B5602600AE7984 /* STTwitterOS.h */,
				ABFAA7F019B5602600AE7984 /* STTwitterOS.m */,
				ABFAA7F119B5602600AE7984 /* STTwitterOSRequest.h */,
				ABFAA7F219B5602600AE7984 /* STTwitterOSRequest.m */,
				ABFAA7F319B5602600AE7984 /* STTwitterProtocol.h */,
				ABFAA7F419B5602600AE7984 /* Vendor */,
			);
			path = STTwitter;
			sourceTree = "<group>";
		};
		ABFAA7F419B5602600AE7984 /* Vendor */ = {
			isa = PBXGroup;
			children = (
				ABFAA7F519B5602600AE7984 /* BAVPlistNode.h */,
				ABFAA7F619B5602600AE7984 /* BAVPlistNode.m */,
				ABFAA7F719B5602600AE7984 /* JSONSyntaxHighlight.h */,
				ABFAA7F819B5602600AE7984 /* JSONSyntaxHighlight.m */,
				ABFAA7F919B5602600AE7984 /* STHTTPRequest.h */,
				ABFAA7FA19B5602600AE7984 /* STHTTPRequest.m */,
			);
			path = Vendor;
			sourceTree = "<group>";
		};
/* End PBXGroup section */

/* Begin PBXNativeTarget section */
		ABFAA79F19B5559300AE7984 /* TWHashTag */ = {
			isa = PBXNativeTarget;
			buildConfigurationList = ABFAA7D519B5559400AE7984 /* Build configuration list for PBXNativeTarget "TWHashTag" */;
			buildPhases = (
				ABFAA79C19B5559300AE7984 /* Sources */,
				ABFAA79D19B5559300AE7984 /* Frameworks */,
				ABFAA79E19B5559300AE7984 /* Resources */,
			);
			buildRules = (
			);
			dependencies = (
			);
			name = TWHashTag;
			productName = TWHashTag;
			productReference = ABFAA7A019B5559300AE7984 /* TWHashTag.app */;
			productType = "com.apple.product-type.application";
		};
		ABFAA7C319B5559400AE7984 /* TWHashTagTests */ = {
			isa = PBXNativeTarget;
			buildConfigurationList = ABFAA7D819B5559400AE7984 /* Build configuration list for PBXNativeTarget "TWHashTagTests" */;
			buildPhases = (
				ABFAA7C019B5559400AE7984 /* Sources */,
				ABFAA7C119B5559400AE7984 /* Frameworks */,
				ABFAA7C219B5559400AE7984 /* Resources */,
			);
			buildRules = (
			);
			dependencies = (
				ABFAA7CA19B5559400AE7984 /* PBXTargetDependency */,
			);
			name = TWHashTagTests;
			productName = TWHashTagTests;
			productReference = ABFAA7C419B5559400AE7984 /* TWHashTagTests.xctest */;
			productType = "com.apple.product-type.bundle.unit-test";
		};
/* End PBXNativeTarget section */

/* Begin PBXProject section */
		ABFAA79819B5559300AE7984 /* Project object */ = {
			isa = PBXProject;
			attributes = {
				LastUpgradeCheck = 0510;
				ORGANIZATIONNAME = "Gil Beyruth";
				TargetAttributes = {
					ABFAA7C319B5559400AE7984 = {
						TestTargetID = ABFAA79F19B5559300AE7984;
					};
				};
			};
			buildConfigurationList = ABFAA79B19B5559300AE7984 /* Build configuration list for PBXProject "TWHashTag" */;
			compatibilityVersion = "Xcode 3.2";
			developmentRegion = English;
			hasScannedForEncodings = 0;
			knownRegions = (
				en,
				Base,
			);
			mainGroup = ABFAA79719B5559300AE7984;
			productRefGroup = ABFAA7A119B5559300AE7984 /* Products */;
			projectDirPath = "";
			projectRoot = "";
			targets = (
				ABFAA79F19B5559300AE7984 /* TWHashTag */,
				ABFAA7C319B5559400AE7984 /* TWHashTagTests */,
			);
		};
/* End PBXProject section */

/* Begin PBXResourcesBuildPhase section */
		ABFAA79E19B5559300AE7984 /* Resources */ = {
			isa = PBXResourcesBuildPhase;
			buildActionMask = 2147483647;
			files = (
				ABFAA7BF19B5559400AE7984 /* Images.xcassets in Resources */,
				ABFAA7B719B5559400AE7984 /* Main_iPhone.storyboard in Resources */,
				ABFAA7AE19B5559300AE7984 /* InfoPlist.strings in Resources */,
			);
			runOnlyForDeploymentPostprocessing = 0;
		};
		ABFAA7C219B5559400AE7984 /* Resources */ = {
			isa = PBXResourcesBuildPhase;
			buildActionMask = 2147483647;
			files = (
				ABFAA7D019B5559400AE7984 /* InfoPlist.strings in Resources */,
			);
			runOnlyForDeploymentPostprocessing = 0;
		};
/* End PBXResourcesBuildPhase section */

/* Begin PBXSourcesBuildPhase section */
		ABFAA79C19B5559300AE7984 /* Sources */ = {
			isa = PBXSourcesBuildPhase;
			buildActionMask = 2147483647;
			files = (
				ABFAA80319B5602600AE7984 /* STTwitterOS.m in Sources */,
				ABFAA7FD19B5602600AE7984 /* NSString+STTwitter.m in Sources */,
				ABFAA7FC19B5602600AE7984 /* NSError+STTwitter.m in Sources */,
				ABFAA7BD19B5559400AE7984 /* ViewController.m in Sources */,
				ABFAA80519B5602600AE7984 /* BAVPlistNode.m in Sources */,
				ABFAA7B419B5559300AE7984 /* AppDelegate.m in Sources */,
				ABFAA7FB19B5602600AE7984 /* NSDateFormatter+STTwitter.m in Sources */,
				ABFAA7FF19B5602600AE7984 /* STTwitterAPI.m in Sources */,
				ABFAA7FE19B5602600AE7984 /* STHTTPRequest+STTwitter.m in Sources */,
				ABFAA80119B5602600AE7984 /* STTwitterHTML.m in Sources */,
				ABFAA80719B5602600AE7984 /* STHTTPRequest.m in Sources */,
				ABFAA80019B5602600AE7984 /* STTwitterAppOnly.m in Sources */,
				ABFAA80619B5602600AE7984 /* JSONSyntaxHighlight.m in Sources */,
				ABFAA80419B5602600AE7984 /* STTwitterOSRequest.m in Sources */,
				ABFAA80219B5602600AE7984 /* STTwitterOAuth.m in Sources */,
				ABFAA7B019B5559300AE7984 /* main.m in Sources */,
			);
			runOnlyForDeploymentPostprocessing = 0;
		};
		ABFAA7C019B5559400AE7984 /* Sources */ = {
			isa = PBXSourcesBuildPhase;
			buildActionMask = 2147483647;
			files = (
				ABFAA7D219B5559400AE7984 /* TWHashTagTests.m in Sources */,
			);
			runOnlyForDeploymentPostprocessing = 0;
		};
/* End PBXSourcesBuildPhase section */

/* Begin PBXTargetDependency section */
		ABFAA7CA19B5559400AE7984 /* PBXTargetDependency */ = {
			isa = PBXTargetDependency;
			target = ABFAA79F19B5559300AE7984 /* TWHashTag */;
			targetProxy = ABFAA7C919B5559400AE7984 /* PBXContainerItemProxy */;
		};
/* End PBXTargetDependency section */

/* Begin PBXVariantGroup section */
		ABFAA7AC19B5559300AE7984 /* InfoPlist.strings */ = {
			isa = PBXVariantGroup;
			children = (
				ABFAA7AD19B5559300AE7984 /* en */,
			);
			name = InfoPlist.strings;
			sourceTree = "<group>";
		};
		ABFAA7B519B5559400AE7984 /* Main_iPhone.storyboard */ = {
			isa = PBXVariantGroup;
			children = (
				ABFAA7B619B5559400AE7984 /* Base */,
			);
			name = Main_iPhone.storyboard;
			sourceTree = "<group>";
		};
		ABFAA7CE19B5559400AE7984 /* InfoPlist.strings */ = {
			isa = PBXVariantGroup;
			children = (
				ABFAA7CF19B5559400AE7984 /* en */,
			);
			name = InfoPlist.strings;
			sourceTree = "<group>";
		};
/* End PBXVariantGroup section */

/* Begin XCBuildConfiguration section */
		ABFAA7D319B5559400AE7984 /* Debug */ = {
			isa = XCBuildConfiguration;
			buildSettings = {
				ALWAYS_SEARCH_USER_PATHS = NO;
				CLANG_CXX_LANGUAGE_STANDARD = "gnu++0x";
				CLANG_CXX_LIBRARY = "libc++";
				CLANG_ENABLE_MODULES = YES;
				CLANG_ENABLE_OBJC_ARC = YES;
				CLANG_WARN_BOOL_CONVERSION = YES;
				CLANG_WARN_CONSTANT_CONVERSION = YES;
				CLANG_WARN_DIRECT_OBJC_ISA_USAGE = YES_ERROR;
				CLANG_WARN_EMPTY_BODY = YES;
				CLANG_WARN_ENUM_CONVERSION = YES;
				CLANG_WARN_INT_CONVERSION = YES;
				CLANG_WARN_OBJC_ROOT_CLASS = YES_ERROR;
				CLANG_WARN__DUPLICATE_METHOD_MATCH = YES;
				"CODE_SIGN_IDENTITY[sdk=iphoneos*]" = "iPhone Developer";
				COPY_PHASE_STRIP = NO;
				GCC_C_LANGUAGE_STANDARD = gnu99;
				GCC_DYNAMIC_NO_PIC = NO;
				GCC_OPTIMIZATION_LEVEL = 0;
				GCC_PREPROCESSOR_DEFINITIONS = (
					"DEBUG=1",
					"$(inherited)",
				);
				GCC_SYMBOLS_PRIVATE_EXTERN = NO;
				GCC_WARN_64_TO_32_BIT_CONVERSION = YES;
				GCC_WARN_ABOUT_RETURN_TYPE = YES_ERROR;
				GCC_WARN_UNDECLARED_SELECTOR = YES;
				GCC_WARN_UNINITIALIZED_AUTOS = YES_AGGRESSIVE;
				GCC_WARN_UNUSED_FUNCTION = YES;
				GCC_WARN_UNUSED_VARIABLE = YES;
				IPHONEOS_DEPLOYMENT_TARGET = 7.1;
				ONLY_ACTIVE_ARCH = YES;
				SDKROOT = iphoneos;
				TARGETED_DEVICE_FAMILY = "1,2";
			};
			name = Debug;
		};
		ABFAA7D419B5559400AE7984 /* Release */ = {
			isa = XCBuildConfiguration;
			buildSettings = {
				ALWAYS_SEARCH_USER_PATHS = NO;
				CLANG_CXX_LANGUAGE_STANDARD = "gnu++0x";
				CLANG_CXX_LIBRARY = "libc++";
				CLANG_ENABLE_MODULES = YES;
				CLANG_ENABLE_OBJC_ARC = YES;
				CLANG_WARN_BOOL_CONVERSION = YES;
				CLANG_WARN_CONSTANT_CONVERSION = YES;
				CLANG_WARN_DIRECT_OBJC_ISA_USAGE = YES_ERROR;
				CLANG_WARN_EMPTY_BODY = YES;
				CLANG_WARN_ENUM_CONVERSION = YES;
				CLANG_WARN_INT_CONVERSION = YES;
				CLANG_WARN_OBJC_ROOT_CLASS = YES_ERROR;
				CLANG_WARN__DUPLICATE_METHOD_MATCH = YES;
				"CODE_SIGN_IDENTITY[sdk=iphoneos*]" = "iPhone Developer";
				COPY_PHASE_STRIP = YES;
				ENABLE_NS_ASSERTIONS = NO;
				GCC_C_LANGUAGE_STANDARD = gnu99;
				GCC_WARN_64_TO_32_BIT_CONVERSION = YES;
				GCC_WARN_ABOUT_RETURN_TYPE = YES_ERROR;
				GCC_WARN_UNDECLARED_SELECTOR = YES;
				GCC_WARN_UNINITIALIZED_AUTOS = YES_AGGRESSIVE;
				GCC_WARN_UNUSED_FUNCTION = YES;
				GCC_WARN_UNUSED_VARIABLE = YES;
				IPHONEOS_DEPLOYMENT_TARGET = 7.1;
				SDKROOT = iphoneos;
				TARGETED_DEVICE_FAMILY = "1,2";
				VALIDATE_PRODUCT = YES;
			};
			name = Release;
		};
		ABFAA7D619B5559400AE7984 /* Debug */ = {
			isa = XCBuildConfiguration;
			buildSettings = {
				ASSETCATALOG_COMPILER_APPICON_NAME = AppIcon;
				ASSETCATALOG_COMPILER_LAUNCHIMAGE_NAME = LaunchImage;
				GCC_PRECOMPILE_PREFIX_HEADER = YES;
				GCC_PREFIX_HEADER = "TWHashTag/TWHashTag-Prefix.pch";
				INFOPLIST_FILE = "TWHashTag/TWHashTag-Info.plist";
				PRODUCT_NAME = "$(TARGET_NAME)";
				TARGETED_DEVICE_FAMILY = 1;
				WRAPPER_EXTENSION = app;
			};
			name = Debug;
		};
		ABFAA7D719B5559400AE7984 /* Release */ = {
			isa = XCBuildConfiguration;
			buildSettings = {
				ASSETCATALOG_COMPILER_APPICON_NAME = AppIcon;
				ASSETCATALOG_COMPILER_LAUNCHIMAGE_NAME = LaunchImage;
				GCC_PRECOMPILE_PREFIX_HEADER = YES;
				GCC_PREFIX_HEADER = "TWHashTag/TWHashTag-Prefix.pch";
				INFOPLIST_FILE = "TWHashTag/TWHashTag-Info.plist";
				PRODUCT_NAME = "$(TARGET_NAME)";
				TARGETED_DEVICE_FAMILY = 1;
				WRAPPER_EXTENSION = app;
			};
			name = Release;
		};
		ABFAA7D919B5559400AE7984 /* Debug */ = {
			isa = XCBuildConfiguration;
			buildSettings = {
				BUNDLE_LOADER = "$(BUILT_PRODUCTS_DIR)/TWHashTag.app/TWHashTag";
				FRAMEWORK_SEARCH_PATHS = (
					"$(SDKROOT)/Developer/Library/Frameworks",
					"$(inherited)",
					"$(DEVELOPER_FRAMEWORKS_DIR)",
				);
				GCC_PRECOMPILE_PREFIX_HEADER = YES;
				GCC_PREFIX_HEADER = "TWHashTag/TWHashTag-Prefix.pch";
				GCC_PREPROCESSOR_DEFINITIONS = (
					"DEBUG=1",
					"$(inherited)",
				);
				INFOPLIST_FILE = "TWHashTagTests/TWHashTagTests-Info.plist";
				PRODUCT_NAME = "$(TARGET_NAME)";
				TEST_HOST = "$(BUNDLE_LOADER)";
				WRAPPER_EXTENSION = xctest;
			};
			name = Debug;
		};
		ABFAA7DA19B5559400AE7984 /* Release */ = {
			isa = XCBuildConfiguration;
			buildSettings = {
				BUNDLE_LOADER = "$(BUILT_PRODUCTS_DIR)/TWHashTag.app/TWHashTag";
				FRAMEWORK_SEARCH_PATHS = (
					"$(SDKROOT)/Developer/Library/Frameworks",
					"$(inherited)",
					"$(DEVELOPER_FRAMEWORKS_DIR)",
				);
				GCC_PRECOMPILE_PREFIX_HEADER = YES;
				GCC_PREFIX_HEADER = "TWHashTag/TWHashTag-Prefix.pch";
				INFOPLIST_FILE = "TWHashTagTests/TWHashTagTests-Info.plist";
				PRODUCT_NAME = "$(TARGET_NAME)";
				TEST_HOST = "$(BUNDLE_LOADER)";
				WRAPPER_EXTENSION = xctest;
			};
			name = Release;
		};
/* End XCBuildConfiguration section */

/* Begin XCConfigurationList section */
		ABFAA79B19B5559300AE7984 /* Build configuration list for PBXProject "TWHashTag" */ = {
			isa = XCConfigurationList;
			buildConfigurations = (
				ABFAA7D319B5559400AE7984 /* Debug */,
				ABFAA7D419B5559400AE7984 /* Release */,
			);
			defaultConfigurationIsVisible = 0;
			defaultConfigurationName = Release;
		};
		ABFAA7D519B5559400AE7984 /* Build configuration list for PBXNativeTarget "TWHashTag" */ = {
			isa = XCConfigurationList;
			buildConfigurations = (
				ABFAA7D619B5559400AE7984 /* Debug */,
				ABFAA7D719B5559400AE7984 /* Release */,
			);
			defaultConfigurationIsVisible = 0;
		};
		ABFAA7D819B5559400AE7984 /* Build configuration list for PBXNativeTarget "TWHashTagTests" */ = {
			isa = XCConfigurationList;
			buildConfigurations = (
				ABFAA7D919B5559400AE7984 /* Debug */,
				ABFAA7DA19B5559400AE7984 /* Release */,
			);
			defaultConfigurationIsVisible = 0;
		};
/* End XCConfigurationList section */
	};
	rootObject = ABFAA79819B5559300AE7984 /* Project object */;
}
